
Microsoft Visual Studio Solution File, Format Version 12.00
# Visual Studio 14
VisualStudioVersion = 14.0.25420.1
MinimumVisualStudioVersion = 10.0.40219.1
Project("{F0299A24-A380-4170-8505-5A3489A962CC}") = "StandAloneSP2App", "StandAloneSP2App\StandAloneSP2App.cobproj", "{C01E108B-1763-409D-8C16-345A7FC6317E}"
EndProject
Global
	GlobalSection(SolutionConfigurationPlatforms) = preSolution
		Debug|Any CPU = Debug|Any CPU
		Release|Any CPU = Release|Any CPU
	EndGlobalSection
	GlobalSection(ProjectConfigurationPlatforms) = postSolution
		{C01E108B-1763-409D-8C16-345A7FC6317E}.Debug|Any CPU.ActiveCfg = Debug|Any CPU
		{C01E108B-1763-409D-8C16-345A7FC6317E}.Debug|Any CPU.Build.0 = Debug|Any CPU
		{C01E108B-1763-409D-8C16-345A7FC6317E}.Release|Any CPU.ActiveCfg = Release|Any CPU
		{C01E108B-1763-409D-8C16-345A7FC6317E}.Release|Any CPU.Build.0 = Release|Any CPU
	EndGlobalSection
	GlobalSection(SolutionProperties) = preSolution
		HideSolutionNode = FALSE
	EndGlobalSection
EndGlobal
